// !$*UTF8*$!
{
	archiveVersion = 1;
	classes = {
	};
	objectVersion = 46;
	objects = {

/* Begin PBXBuildFile section */
		8D89F16119B3F892007AB062 /* Foundation.framework in Frameworks */ = {isa = PBXBuildFile; fileRef = 8D89F16019B3F892007AB062 /* Foundation.framework */; };
		8D89F16319B3F892007AB062 /* CoreGraphics.framework in Frameworks */ = {isa = PBXBuildFile; fileRef = 8D89F16219B3F892007AB062 /* CoreGraphics.framework */; };
		8D89F16519B3F892007AB062 /* UIKit.framework in Frameworks */ = {isa = PBXBuildFile; fileRef = 8D89F16419B3F892007AB062 /* UIKit.framework */; };
		8D89F16B19B3F892007AB062 /* InfoPlist.strings in Resources */ = {isa = PBXBuildFile; fileRef = 8D89F16919B3F892007AB062 /* InfoPlist.strings */; };
		8D89F16D19B3F892007AB062 /* main.m in Sources */ = {isa = PBXBuildFile; fileRef = 8D89F16C19B3F892007AB062 /* main.m */; };
		8D89F17119B3F892007AB062 /* AppDelegate.m in Sources */ = {isa = PBXBuildFile; fileRef = 8D89F17019B3F892007AB062 /* AppDelegate.m */; };
		8D89F17419B3F892007AB062 /* Main.storyboard in Resources */ = {isa = PBXBuildFile; fileRef = 8D89F17219B3F892007AB062 /* Main.storyboard */; };
		8D89F17719B3F892007AB062 /* ViewController.m in Sources */ = {isa = PBXBuildFile; fileRef = 8D89F17619B3F892007AB062 /* ViewController.m */; };
		8D89F17919B3F892007AB062 /* Images.xcassets in Resources */ = {isa = PBXBuildFile; fileRef = 8D89F17819B3F892007AB062 /* Images.xcassets */; };
		8D89F18019B3F892007AB062 /* XCTest.framework in Frameworks */ = {isa = PBXBuildFile; fileRef = 8D89F17F19B3F892007AB062 /* XCTest.framework */; };
		8D89F18119B3F892007AB062 /* Foundation.framework in Frameworks */ = {isa = PBXBuildFile; fileRef = 8D89F16019B3F892007AB062 /* Foundation.framework */; };
		8D89F18219B3F892007AB062 /* UIKit.framework in Frameworks */ = {isa = PBXBuildFile; fileRef = 8D89F16419B3F892007AB062 /* UIKit.framework */; };
		8D89F18A19B3F892007AB062 /* InfoPlist.strings in Resources */ = {isa = PBXBuildFile; fileRef = 8D89F18819B3F892007AB062 /* InfoPlist.strings */; };
		8D89F18C19B3F892007AB062 /* tableview_sampleTests.m in Sources */ = {isa = PBXBuildFile; fileRef = 8D89F18B19B3F892007AB062 /* tableview_sampleTests.m */; };
		8D89F19A19B3FA06007AB062 /* ViewController2.m in Sources */ = {isa = PBXBuildFile; fileRef = 8D89F19919B3FA06007AB062 /* ViewController2.m */; };
/* End PBXBuildFile section */

/* Begin PBXContainerItemProxy section */
		8D89F18319B3F892007AB062 /* PBXContainerItemProxy */ = {
			isa = PBXContainerItemProxy;
			containerPortal = 8D89F15519B3F892007AB062 /* Project object */;
			proxyType = 1;
			remoteGlobalIDString = 8D89F15C19B3F892007AB062;
			remoteInfo = "tableview-sample";
		};
/* End PBXContainerItemProxy section */

/* Begin PBXFileReference section */
		8D89F15D19B3F892007AB062 /* tableview-sample.app */ = {isa = PBXFileReference; explicitFileType = wrapper.application; includeInIndex = 0; path = "tableview-sample.app"; sourceTree = BUILT_PRODUCTS_DIR; };
		8D89F16019B3F892007AB062 /* Foundation.framework */ = {isa = PBXFileReference; lastKnownFileType = wrapper.framework; name = Foundation.framework; path = System/Library/Frameworks/Foundation.framework; sourceTree = SDKROOT; };
		8D89F16219B3F892007AB062 /* CoreGraphics.framework */ = {isa = PBXFileReference; lastKnownFileType = wrapper.framework; name = CoreGraphics.framework; path = System/Library/Frameworks/CoreGraphics.framework; sourceTree = SDKROOT; };
		8D89F16419B3F892007AB062 /* UIKit.framework */ = {isa = PBXFileReference; lastKnownFileType = wrapper.framework; name = UIKit.framework; path = System/Library/Frameworks/UIKit.framework; sourceTree = SDKROOT; };
		8D89F16819B3F892007AB062 /* tableview-sample-Info.plist */ = {isa = PBXFileReference; lastKnownFileType = text.plist.xml; path = "tableview-sample-Info.plist"; sourceTree = "<group>"; };
		8D89F16A19B3F892007AB062 /* en */ = {isa = PBXFileReference; lastKnownFileType = text.plist.strings; name = en; path = en.lproj/InfoPlist.strings; sourceTree = "<group>"; };
		8D89F16C19B3F892007AB062 /* main.m */ = {isa = PBXFileReference; lastKnownFileType = sourcecode.c.objc; path = main.m; sourceTree = "<group>"; };
		8D89F16E19B3F892007AB062 /* tableview-sample-Prefix.pch */ = {isa = PBXFileReference; lastKnownFileType = sourcecode.c.h; path = "tableview-sample-Prefix.pch"; sourceTree = "<group>"; };
		8D89F16F19B3F892007AB062 /* AppDelegate.h */ = {isa = PBXFileReference; lastKnownFileType = sourcecode.c.h; path = AppDelegate.h; sourceTree = "<group>"; };
		8D89F17019B3F892007AB062 /* AppDelegate.m */ = {isa = PBXFileReference; lastKnownFileType = sourcecode.c.objc; path = AppDelegate.m; sourceTree = "<group>"; };
		8D89F17319B3F892007AB062 /* Base */ = {isa = PBXFileReference; lastKnownFileType = file.storyboard; name = Base; path = Base.lproj/Main.storyboard; sourceTree = "<group>"; };
		8D89F17519B3F892007AB062 /* ViewController.h */ = {isa = PBXFileReference; lastKnownFileType = sourcecode.c.h; path = ViewController.h; sourceTree = "<group>"; };
		8D89F17619B3F892007AB062 /* ViewController.m */ = {isa = PBXFileReference; lastKnownFileType = sourcecode.c.objc; path = ViewController.m; sourceTree = "<group>"; };
		8D89F17819B3F892007AB062 /* Images.xcassets */ = {isa = PBXFileReference; lastKnownFileType = folder.assetcatalog; path = Images.xcassets; sourceTree = "<group>"; };
		8D89F17E19B3F892007AB062 /* tableview-sampleTests.xctest */ = {isa = PBXFileReference; explicitFileType = wrapper.cfbundle; includeInIndex = 0; path = "tableview-sampleTests.xctest"; sourceTree = BUILT_PRODUCTS_DIR; };
		8D89F17F19B3F892007AB062 /* XCTest.framework */ = {isa = PBXFileReference; lastKnownFileType = wrapper.framework; name = XCTest.framework; path = Library/Frameworks/XCTest.framework; sourceTree = DEVELOPER_DIR; };
		8D89F18719B3F892007AB062 /* tableview-sampleTests-Info.plist */ = {isa = PBXFileReference; lastKnownFileType = text.plist.xml; path = "tableview-sampleTests-Info.plist"; sourceTree = "<group>"; };
		8D89F18919B3F892007AB062 /* en */ = {isa = PBXFileReference; lastKnownFileType = text.plist.strings; name = en; path = en.lproj/InfoPlist.strings; sourceTree = "<group>"; };
		8D89F18B19B3F892007AB062 /* tableview_sampleTests.m */ = {isa = PBXFileReference; lastKnownFileType = sourcecode.c.objc; path = tableview_sampleTests.m; sourceTree = "<group>"; };
		8D89F19819B3FA06007AB062 /* ViewController2.h */ = {isa = PBXFileReference; fileEncoding = 4; lastKnownFileType = sourcecode.c.h; path = ViewController2.h; sourceTree = "<group>"; };
		8D89F19919B3FA06007AB062 /* ViewController2.m */ = {isa = PBXFileReference; fileEncoding = 4; lastKnownFileType = sourcecode.c.objc; path = ViewController2.m; sourceTree = "<group>"; };
/* End PBXFileReference section */

/* Begin PBXFrameworksBuildPhase section */
		8D89F15A19B3F892007AB062 /* Frameworks */ = {
			isa = PBXFrameworksBuildPhase;
			buildActionMask = 2147483647;
			files = (
				8D89F16319B3F892007AB062 /* CoreGraphics.framework in Frameworks */,
				8D89F16519B3F892007AB062 /* UIKit.framework in Frameworks */,
				8D89F16119B3F892007AB062 /* Foundation.framework in Frameworks */,
			);
			runOnlyForDeploymentPostprocessing = 0;
		};
		8D89F17B19B3F892007AB062 /* Frameworks */ = {
			isa = PBXFrameworksBuildPhase;
			buildActionMask = 2147483647;
			files = (
				8D89F18019B3F892007AB062 /* XCTest.framework in Frameworks */,
				8D89F18219B3F892007AB062 /* UIKit.framework in Frameworks */,
				8D89F18119B3F892007AB062 /* Foundation.framework in Frameworks */,
			);
			runOnlyForDeploymentPostprocessing = 0;
		};
/* End PBXFrameworksBuildPhase section */

/* Begin PBXGroup section */
		8D89F15419B3F892007AB062 = {
			isa = PBXGroup;
			children = (
				8D89F16619B3F892007AB062 /* tableview-sample */,
				8D89F18519B3F892007AB062 /* tableview-sampleTests */,
				8D89F15F19B3F892007AB062 /* Frameworks */,
				8D89F15E19B3F892007AB062 /* Products */,
			);
			sourceTree = "<group>";
		};
		8D89F15E19B3F892007AB062 /* Products */ = {
			isa = PBXGroup;
			children = (
				8D89F15D19B3F892007AB062 /* tableview-sample.app */,
				8D89F17E19B3F892007AB062 /* tableview-sampleTests.xctest */,
			);
			name = Products;
			sourceTree = "<group>";
		};
		8D89F15F19B3F892007AB062 /* Frameworks */ = {
			isa = PBXGroup;
			children = (
				8D89F16019B3F892007AB062 /* Foundation.framework */,
				8D89F16219B3F892007AB062 /* CoreGraphics.framework */,
				8D89F16419B3F892007AB062 /* UIKit.framework */,
				8D89F17F19B3F892007AB062 /* XCTest.framework */,
			);
			name = Frameworks;
			sourceTree = "<group>";
		};
		8D89F16619B3F892007AB062 /* tableview-sample */ = {
			isa = PBXGroup;
			children = (
				8D89F19819B3FA06007AB062 /* ViewController2.h */,
				8D89F19919B3FA06007AB062 /* ViewController2.m */,
				8D89F16F19B3F892007AB062 /* AppDelegate.h */,
				8D89F17019B3F892007AB062 /* AppDelegate.m */,
				8D89F17219B3F892007AB062 /* Main.storyboard */,
				8D89F17519B3F892007AB062 /* ViewController.h */,
				8D89F17619B3F892007AB062 /* ViewController.m */,
				8D89F17819B3F892007AB062 /* Images.xcassets */,
				8D89F16719B3F892007AB062 /* Supporting Files */,
			);
			path = "tableview-sample";
			sourceTree = "<group>";
		};
		8D89F16719B3F892007AB062 /* Supporting Files */ = {
			isa = PBXGroup;
			children = (
				8D89F16819B3F892007AB062 /* tableview-sample-Info.plist */,
				8D89F16919B3F892007AB062 /* InfoPlist.strings */,
				8D89F16C19B3F892007AB062 /* main.m */,
				8D89F16E19B3F892007AB062 /* tableview-sample-Prefix.pch */,
			);
			name = "Supporting Files";
			sourceTree = "<group>";
		};
		8D89F18519B3F892007AB062 /* tableview-sampleTests */ = {
			isa = PBXGroup;
			children = (
				8D89F18B19B3F892007AB062 /* tableview_sampleTests.m */,
				8D89F18619B3F892007AB062 /* Supporting Files */,
			);
			path = "tableview-sampleTests";
			sourceTree = "<group>";
		};
		8D89F18619B3F892007AB062 /* Supporting Files */ = {
			isa = PBXGroup;
			children = (
				8D89F18719B3F892007AB062 /* tableview-sampleTests-Info.plist */,
				8D89F18819B3F892007AB062 /* InfoPlist.strings */,
			);
			name = "Supporting Files";
			sourceTree = "<group>";
		};
/* End PBXGroup section */

/* Begin PBXNativeTarget section */
		8D89F15C19B3F892007AB062 /* tableview-sample */ = {
			isa = PBXNativeTarget;
			buildConfigurationList = 8D89F18F19B3F892007AB062 /* Build configuration list for PBXNativeTarget "tableview-sample" */;
			buildPhases = (
				8D89F15919B3F892007AB062 /* Sources */,
				8D89F15A19B3F892007AB062 /* Frameworks */,
				8D89F15B19B3F892007AB062 /* Resources */,
			);
			buildRules = (
			);
			dependencies = (
			);
			name = "tableview-sample";
			productName = "tableview-sample";
			productReference = 8D89F15D19B3F892007AB062 /* tableview-sample.app */;
			productType = "com.apple.product-type.application";
		};
		8D89F17D19B3F892007AB062 /* tableview-sampleTests */ = {
			isa = PBXNativeTarget;
			buildConfigurationList = 8D89F19219B3F892007AB062 /* Build configuration list for PBXNativeTarget "tableview-sampleTests" */;
			buildPhases = (
				8D89F17A19B3F892007AB062 /* Sources */,
				8D89F17B19B3F892007AB062 /* Frameworks */,
				8D89F17C19B3F892007AB062 /* Resources */,
			);
			buildRules = (
			);
			dependencies = (
				8D89F18419B3F892007AB062 /* PBXTargetDependency */,
			);
			name = "tableview-sampleTests";
			productName = "tableview-sampleTests";
			productReference = 8D89F17E19B3F892007AB062 /* tableview-sampleTests.xctest */;
			productType = "com.apple.product-type.bundle.unit-test";
		};
/* End PBXNativeTarget section */

/* Begin PBXProject section */
		8D89F15519B3F892007AB062 /* Project object */ = {
			isa = PBXProject;
			attributes = {
				LastUpgradeCheck = 0510;
				ORGANIZATIONNAME = suzuki_kiwamu;
				TargetAttributes = {
					8D89F17D19B3F892007AB062 = {
						TestTargetID = 8D89F15C19B3F892007AB062;
					};
				};
			};
			buildConfigurationList = 8D89F15819B3F892007AB062 /* Build configuration list for PBXProject "tableview-sample" */;
			compatibilityVersion = "Xcode 3.2";
			developmentRegion = English;
			hasScannedForEncodings = 0;
			knownRegions = (
				en,
				Base,
			);
			mainGroup = 8D89F15419B3F892007AB062;
			productRefGroup = 8D89F15E19B3F892007AB062 /* Products */;
			projectDirPath = "";
			projectRoot = "";
			targets = (
				8D89F15C19B3F892007AB062 /* tableview-sample */,
				8D89F17D19B3F892007AB062 /* tableview-sampleTests */,
			);
		};
/* End PBXProject section */

/* Begin PBXResourcesBuildPhase section */
		8D89F15B19B3F892007AB062 /* Resources */ = {
			isa = PBXResourcesBuildPhase;
			buildActionMask = 2147483647;
			files = (
				8D89F17919B3F892007AB062 /* Images.xcassets in Resources */,
				8D89F16B19B3F892007AB062 /* InfoPlist.strings in Resources */,
				8D89F17419B3F892007AB062 /* Main.storyboard in Resources */,
			);
			runOnlyForDeploymentPostprocessing = 0;
		};
		8D89F17C19B3F892007AB062 /* Resources */ = {
			isa = PBXResourcesBuildPhase;
			buildActionMask = 2147483647;
			files = (
				8D89F18A19B3F892007AB062 /* InfoPlist.strings in Resources */,
			);
			runOnlyForDeploymentPostprocessing = 0;
		};
/* End PBXResourcesBuildPhase section */

/* Begin PBXSourcesBuildPhase section */
		8D89F15919B3F892007AB062 /* Sources */ = {
			isa = PBXSourcesBuildPhase;
			buildActionMask = 2147483647;
			files = (
				8D89F17719B3F892007AB062 /* ViewController.m in Sources */,
				8D89F19A19B3FA06007AB062 /* ViewController2.m in Sources */,
				8D89F17119B3F892007AB062 /* AppDelegate.m in Sources */,
				8D89F16D19B3F892007AB062 /* main.m in Sources */,
			);
			runOnlyForDeploymentPostprocessing = 0;
		};
		8D89F17A19B3F892007AB062 /* Sources */ = {
			isa = PBXSourcesBuildPhase;
			buildActionMask = 2147483647;
			files = (
				8D89F18C19B3F892007AB062 /* tableview_sampleTests.m in Sources */,
			);
			runOnlyForDeploymentPostprocessing = 0;
		};
/* End PBXSourcesBuildPhase section */

/* Begin PBXTargetDependency section */
		8D89F18419B3F892007AB062 /* PBXTargetDependency */ = {
			isa = PBXTargetDependency;
			target = 8D89F15C19B3F892007AB062 /* tableview-sample */;
			targetProxy = 8D89F18319B3F892007AB062 /* PBXContainerItemProxy */;
		};
/* End PBXTargetDependency section */

/* Begin PBXVariantGroup section */
		8D89F16919B3F892007AB062 /* InfoPlist.strings */ = {
			isa = PBXVariantGroup;
			children = (
				8D89F16A19B3F892007AB062 /* en */,
			);
			name = InfoPlist.strings;
			sourceTree = "<group>";
		};
		8D89F17219B3F892007AB062 /* Main.storyboard */ = {
			isa = PBXVariantGroup;
			children = (
				8D89F17319B3F892007AB062 /* Base */,
			);
			name = Main.storyboard;
			sourceTree = "<group>";
		};
		8D89F18819B3F892007AB062 /* InfoPlist.strings */ = {
			isa = PBXVariantGroup;
			children = (
				8D89F18919B3F892007AB062 /* en */,
			);
			name = InfoPlist.strings;
			sourceTree = "<group>";
		};
/* End PBXVariantGroup section */

/* Begin XCBuildConfiguration section */
		8D89F18D19B3F892007AB062 /* Debug */ = {
			isa = XCBuildConfiguration;
			buildSettings = {
				ALWAYS_SEARCH_USER_PATHS = NO;
				CLANG_CXX_LANGUAGE_STANDARD = "gnu++0x";
				CLANG_CXX_LIBRARY = "libc++";
				CLANG_ENABLE_MODULES = YES;
				CLANG_ENABLE_OBJC_ARC = YES;
				CLANG_WARN_BOOL_CONVERSION = YES;
				CLANG_WARN_CONSTANT_CONVERSION = YES;
				CLANG_WARN_DIRECT_OBJC_ISA_USAGE = YES_ERROR;
				CLANG_WARN_EMPTY_BODY = YES;
				CLANG_WARN_ENUM_CONVERSION = YES;
				CLANG_WARN_INT_CONVERSION = YES;
				CLANG_WARN_OBJC_ROOT_CLASS = YES_ERROR;
				CLANG_WARN__DUPLICATE_METHOD_MATCH = YES;
				"CODE_SIGN_IDENTITY[sdk=iphoneos*]" = "iPhone Developer";
				COPY_PHASE_STRIP = NO;
				GCC_C_LANGUAGE_STANDARD = gnu99;
				GCC_DYNAMIC_NO_PIC = NO;
				GCC_OPTIMIZATION_LEVEL = 0;
				GCC_PREPROCESSOR_DEFINITIONS = (
					"DEBUG=1",
					"$(inherited)",
				);
				GCC_SYMBOLS_PRIVATE_EXTERN = NO;
				GCC_WARN_64_TO_32_BIT_CONVERSION = YES;
				GCC_WARN_ABOUT_RETURN_TYPE = YES_ERROR;
				GCC_WARN_UNDECLARED_SELECTOR = YES;
				GCC_WARN_UNINITIALIZED_AUTOS = YES_AGGRESSIVE;
				GCC_WARN_UNUSED_FUNCTION = YES;
				GCC_WARN_UNUSED_VARIABLE = YES;
				IPHONEOS_DEPLOYMENT_TARGET = 7.1;
				ONLY_ACTIVE_ARCH = YES;
				SDKROOT = iphoneos;
			};
			name = Debug;
		};
		8D89F18E19B3F892007AB062 /* Release */ = {
			isa = XCBuildConfiguration;
			buildSettings = {
				ALWAYS_SEARCH_USER_PATHS = NO;
				CLANG_CXX_LANGUAGE_STANDARD = "gnu++0x";
				CLANG_CXX_LIBRARY = "libc++";
				CLANG_ENABLE_MODULES = YES;
				CLANG_ENABLE_OBJC_ARC = YES;
				CLANG_WARN_BOOL_CONVERSION = YES;
				CLANG_WARN_CONSTANT_CONVERSION = YES;
				CLANG_WARN_DIRECT_OBJC_ISA_USAGE = YES_ERROR;
				CLANG_WARN_EMPTY_BODY = YES;
				CLANG_WARN_ENUM_CONVERSION = YES;
				CLANG_WARN_INT_CONVERSION = YES;
				CLANG_WARN_OBJC_ROOT_CLASS = YES_ERROR;
				CLANG_WARN__DUPLICATE_METHOD_MATCH = YES;
				"CODE_SIGN_IDENTITY[sdk=iphoneos*]" = "iPhone Developer";
				COPY_PHASE_STRIP = YES;
				ENABLE_NS_ASSERTIONS = NO;
				GCC_C_LANGUAGE_STANDARD = gnu99;
				GCC_WARN_64_TO_32_BIT_CONVERSION = YES;
				GCC_WARN_ABOUT_RETURN_TYPE = YES_ERROR;
				GCC_WARN_UNDECLARED_SELECTOR = YES;
				GCC_WARN_UNINITIALIZED_AUTOS = YES_AGGRESSIVE;
				GCC_WARN_UNUSED_FUNCTION = YES;
				GCC_WARN_UNUSED_VARIABLE = YES;
				IPHONEOS_DEPLOYMENT_TARGET = 7.1;
				SDKROOT = iphoneos;
				VALIDATE_PRODUCT = YES;
			};
			name = Release;
		};
		8D89F19019B3F892007AB062 /* Debug */ = {
			isa = XCBuildConfiguration;
			buildSettings = {
				ASSETCATALOG_COMPILER_APPICON_NAME = AppIcon;
				ASSETCATALOG_COMPILER_LAUNCHIMAGE_NAME = LaunchImage;
				GCC_PRECOMPILE_PREFIX_HEADER = YES;
				GCC_PREFIX_HEADER = "tableview-sample/tableview-sample-Prefix.pch";
				INFOPLIST_FILE = "tableview-sample/tableview-sample-Info.plist";
				PRODUCT_NAME = "$(TARGET_NAME)";
				WRAPPER_EXTENSION = app;
			};
			name = Debug;
		};
		8D89F19119B3F892007AB062 /* Release */ = {
			isa = XCBuildConfiguration;
			buildSettings = {
				ASSETCATALOG_COMPILER_APPICON_NAME = AppIcon;
				ASSETCATALOG_COMPILER_LAUNCHIMAGE_NAME = LaunchImage;
				GCC_PRECOMPILE_PREFIX_HEADER = YES;
				GCC_PREFIX_HEADER = "tableview-sample/tableview-sample-Prefix.pch";
				INFOPLIST_FILE = "tableview-sample/tableview-sample-Info.plist";
				PRODUCT_NAME = "$(TARGET_NAME)";
				WRAPPER_EXTENSION = app;
			};
			name = Release;
		};
		8D89F19319B3F892007AB062 /* Debug */ = {
			isa = XCBuildConfiguration;
			buildSettings = {
				BUNDLE_LOADER = "$(BUILT_PRODUCTS_DIR)/tableview-sample.app/tableview-sample";
				FRAMEWORK_SEARCH_PATHS = (
					"$(SDKROOT)/Developer/Library/Frameworks",
					"$(inherited)",
					"$(DEVELOPER_FRAMEWORKS_DIR)",
				);
				GCC_PRECOMPILE_PREFIX_HEADER = YES;
				GCC_PREFIX_HEADER = "tableview-sample/tableview-sample-Prefix.pch";
				GCC_PREPROCESSOR_DEFINITIONS = (
					"DEBUG=1",
					"$(inherited)",
				);
				INFOPLIST_FILE = "tableview-sampleTests/tableview-sampleTests-Info.plist";
				PRODUCT_NAME = "$(TARGET_NAME)";
				TEST_HOST = "$(BUNDLE_LOADER)";
				WRAPPER_EXTENSION = xctest;
			};
			name = Debug;
		};
		8D89F19419B3F892007AB062 /* Release */ = {
			isa = XCBuildConfiguration;
			buildSettings = {
				BUNDLE_LOADER = "$(BUILT_PRODUCTS_DIR)/tableview-sample.app/tableview-sample";
				FRAMEWORK_SEARCH_PATHS = (
					"$(SDKROOT)/Developer/Library/Frameworks",
					"$(inherited)",
					"$(DEVELOPER_FRAMEWORKS_DIR)",
				);
				GCC_PRECOMPILE_PREFIX_HEADER = YES;
				GCC_PREFIX_HEADER = "tableview-sample/tableview-sample-Prefix.pch";
				INFOPLIST_FILE = "tableview-sampleTests/tableview-sampleTests-Info.plist";
				PRODUCT_NAME = "$(TARGET_NAME)";
				TEST_HOST = "$(BUNDLE_LOADER)";
				WRAPPER_EXTENSION = xctest;
			};
			name = Release;
		};
/* End XCBuildConfiguration section */

/* Begin XCConfigurationList section */
		8D89F15819B3F892007AB062 /* Build configuration list for PBXProject "tableview-sample" */ = {
			isa = XCConfigurationList;
			buildConfigurations = (
				8D89F18D19B3F892007AB062 /* Debug */,
				8D89F18E19B3F892007AB062 /* Release */,
			);
			defaultConfigurationIsVisible = 0;
			defaultConfigurationName = Release;
		};
		8D89F18F19B3F892007AB062 /* Build configuration list for PBXNativeTarget "tableview-sample" */ = {
			isa = XCConfigurationList;
			buildConfigurations = (
				8D89F19019B3F892007AB062 /* Debug */,
				8D89F19119B3F892007AB062 /* Release */,
			);
			defaultConfigurationIsVisible = 0;
		};
		8D89F19219B3F892007AB062 /* Build configuration list for PBXNativeTarget "tableview-sampleTests" */ = {
			isa = XCConfigurationList;
			buildConfigurations = (
				8D89F19319B3F892007AB062 /* Debug */,
				8D89F19419B3F892007AB062 /* Release */,
			);
			defaultConfigurationIsVisible = 0;
		};
/* End XCConfigurationList section */
	};
	rootObject = 8D89F15519B3F892007AB062 /* Project object */;
}
